
Microsoft Visual Studio Solution File, Format Version 12.00
# Visual Studio 15
VisualStudioVersion = 15.0.27130.2010
MinimumVisualStudioVersion = 10.0.40219.1
Project("{FAE04EC0-301F-11D3-BF4B-00C04F79EFBC}") = "Training8", "Training8\Training8.csproj", "{64180588-4467-4721-9F37-2C1EF19C6F1D}"
EndProject
Project("{FAE04EC0-301F-11D3-BF4B-00C04F79EFBC}") = "ClientApp", "ClientApp\ClientApp.csproj", "{4F660D84-5293-49D6-92A2-46B27F17EE6D}"
EndProject
Global
	GlobalSection(SolutionConfigurationPlatforms) = preSolution
		Debug|Any CPU = Debug|Any CPU
		Release|Any CPU = Release|Any CPU
	EndGlobalSection
	GlobalSection(ProjectConfigurationPlatforms) = postSolution
		{64180588-4467-4721-9F37-2C1EF19C6F1D}.Debug|Any CPU.ActiveCfg = Debug|Any CPU
		{64180588-4467-4721-9F37-2C1EF19C6F1D}.Debug|Any CPU.Build.0 = Debug|Any CPU
		{64180588-4467-4721-9F37-2C1EF19C6F1D}.Release|Any CPU.ActiveCfg = Release|Any CPU
		{64180588-4467-4721-9F37-2C1EF19C6F1D}.Release|Any CPU.Build.0 = Release|Any CPU
		{4F660D84-5293-49D6-92A2-46B27F17EE6D}.Debug|Any CPU.ActiveCfg = Debug|Any CPU
		{4F660D84-5293-49D6-92A2-46B27F17EE6D}.Debug|Any CPU.Build.0 = Debug|Any CPU
		{4F660D84-5293-49D6-92A2-46B27F17EE6D}.Release|Any CPU.ActiveCfg = Release|Any CPU
		{4F660D84-5293-49D6-92A2-46B27F17EE6D}.Release|Any CPU.Build.0 = Release|Any CPU
	EndGlobalSection
	GlobalSection(SolutionProperties) = preSolution
		HideSolutionNode = FALSE
	EndGlobalSection
	GlobalSection(ExtensibilityGlobals) = postSolution
		SolutionGuid = {2DBA4395-1B9C-4ECA-9952-2A5B122F7AE7}
	EndGlobalSection
EndGlobal
